{
  "name": "administrate-field-tags",
  "version": "1.0.0",
  "lockfileVersion": 1,
  "requires": true,
  "dependencies": {
    "@yaireo/tagify": {
      "version": "2.6.5",
      "resolved": "https://registry.npmjs.org/@yaireo/tagify/-/tagify-2.6.5.tgz",
      "integrity": "sha512-7Jc0JQIRDC/Jnr0JOet6H9qB6AHi7V2RK5pB5Blr25+b5JHH9CQQ70ycR4NWy0pK1+3wjoOxYomm0xCVMa9SMQ=="
    }
  }
}
